
Microsoft Visual Studio Solution File, Format Version 12.00
# Visual Studio 2012
Project("{FAE04EC0-301F-11D3-BF4B-00C04F79EFBC}") = "KillsInSpace", "KillsInSpace\KillsInSpace.csproj", "{DEE80CD5-C901-42EB-9CBD-1607FDEC1B88}"
EndProject
Global
	GlobalSection(SolutionConfigurationPlatforms) = preSolution
		Debug|Any CPU = Debug|Any CPU
		Release|Any CPU = Release|Any CPU
	EndGlobalSection
	GlobalSection(ProjectConfigurationPlatforms) = postSolution
		{DEE80CD5-C901-42EB-9CBD-1607FDEC1B88}.Debug|Any CPU.ActiveCfg = Debug|Any CPU
		{DEE80CD5-C901-42EB-9CBD-1607FDEC1B88}.Debug|Any CPU.Build.0 = Debug|Any CPU
		{DEE80CD5-C901-42EB-9CBD-1607FDEC1B88}.Release|Any CPU.ActiveCfg = Release|Any CPU
		{DEE80CD5-C901-42EB-9CBD-1607FDEC1B88}.Release|Any CPU.Build.0 = Release|Any CPU
	EndGlobalSection
	GlobalSection(SolutionProperties) = preSolution
		HideSolutionNode = FALSE
	EndGlobalSection
EndGlobal
